// !$*UTF8*$!
{
	archiveVersion = 1;
	classes = {
	};
	objectVersion = 50;
	objects = {

/* Begin PBXBuildFile section */
		448BA7E0FDC31902E5C1CF00 /* libPods-loadFileDemo.a in Frameworks */ = {isa = PBXBuildFile; fileRef = BE251E4D9165081719AA751B /* libPods-loadFileDemo.a */; };
		931D1196225C4F3500EAF8E1 /* AppDelegate.m in Sources */ = {isa = PBXBuildFile; fileRef = 931D1195225C4F3500EAF8E1 /* AppDelegate.m */; };
		931D1199225C4F3500EAF8E1 /* ViewController.m in Sources */ = {isa = PBXBuildFile; fileRef = 931D1198225C4F3500EAF8E1 /* ViewController.m */; };
		931D119C225C4F3500EAF8E1 /* Main.storyboard in Resources */ = {isa = PBXBuildFile; fileRef = 931D119A225C4F3500EAF8E1 /* Main.storyboard */; };
		931D119E225C4F3600EAF8E1 /* Assets.xcassets in Resources */ = {isa = PBXBuildFile; fileRef = 931D119D225C4F3600EAF8E1 /* Assets.xcassets */; };
		931D11A1225C4F3600EAF8E1 /* LaunchScreen.storyboard in Resources */ = {isa = PBXBuildFile; fileRef = 931D119F225C4F3600EAF8E1 /* LaunchScreen.storyboard */; };
		931D11A4225C4F3700EAF8E1 /* main.m in Sources */ = {isa = PBXBuildFile; fileRef = 931D11A3225C4F3700EAF8E1 /* main.m */; };
		931D11AD225C4F9300EAF8E1 /* PAirSandbox.m in Sources */ = {isa = PBXBuildFile; fileRef = 931D11AC225C4F9300EAF8E1 /* PAirSandbox.m */; };
		931D11B0225C53CD00EAF8E1 /* HQFactoryUI.m in Sources */ = {isa = PBXBuildFile; fileRef = 931D11AE225C53CD00EAF8E1 /* HQFactoryUI.m */; };
		931D11B3225C53F400EAF8E1 /* UIColor+CCColor.m in Sources */ = {isa = PBXBuildFile; fileRef = 931D11B1225C53F400EAF8E1 /* UIColor+CCColor.m */; };
		931D11B6225C55A900EAF8E1 /* HQTool.m in Sources */ = {isa = PBXBuildFile; fileRef = 931D11B5225C55A900EAF8E1 /* HQTool.m */; };
		931D11BB225C6EC500EAF8E1 /* HQWKWebViewController.m in Sources */ = {isa = PBXBuildFile; fileRef = 931D11BA225C6EC500EAF8E1 /* HQWKWebViewController.m */; };
		931D11C1225C905800EAF8E1 /* MyURLProtocol.m in Sources */ = {isa = PBXBuildFile; fileRef = 931D11BE225C905800EAF8E1 /* MyURLProtocol.m */; };
		931D11C2225C905800EAF8E1 /* NSURLProtocol+WKWebVIew.m in Sources */ = {isa = PBXBuildFile; fileRef = 931D11BF225C905800EAF8E1 /* NSURLProtocol+WKWebVIew.m */; };
		931D11CF225C90CB00EAF8E1 /* NSURLRequest+CYLNSURLProtocolExtension.m in Sources */ = {isa = PBXBuildFile; fileRef = 931D11CE225C90CB00EAF8E1 /* NSURLRequest+CYLNSURLProtocolExtension.m */; };
		931D11D1225C972000EAF8E1 /* WebP.framework in Frameworks */ = {isa = PBXBuildFile; fileRef = 931D11D0225C972000EAF8E1 /* WebP.framework */; };
		931D11D3225C9D1500EAF8E1 /* CoreServices.framework in Frameworks */ = {isa = PBXBuildFile; fileRef = 931D11D2225C9D1500EAF8E1 /* CoreServices.framework */; };
		931D11D5225C9DB100EAF8E1 /* CoreFoundation.framework in Frameworks */ = {isa = PBXBuildFile; fileRef = 931D11D4225C9DB100EAF8E1 /* CoreFoundation.framework */; };
		931D11D7225C9E2A00EAF8E1 /* MobileCoreServices.framework in Frameworks */ = {isa = PBXBuildFile; fileRef = 931D11D6225C9E2A00EAF8E1 /* MobileCoreServices.framework */; };
		931D11D9225CA3C000EAF8E1 /* TanlentC-Webp.js in Resources */ = {isa = PBXBuildFile; fileRef = 931D11D8225CA3C000EAF8E1 /* TanlentC-Webp.js */; };
		931D11DC225CA52000EAF8E1 /* UIImage+Ext.m in Sources */ = {isa = PBXBuildFile; fileRef = 931D11DA225CA52000EAF8E1 /* UIImage+Ext.m */; };
		939DC38F225D822E003D30E2 /* UIImage+WebP.m in Sources */ = {isa = PBXBuildFile; fileRef = 939DC38D225D822E003D30E2 /* UIImage+WebP.m */; };
		939DC391225D980D003D30E2 /* test22.webp in Resources */ = {isa = PBXBuildFile; fileRef = 939DC390225D980C003D30E2 /* test22.webp */; };
		939DC394225DA1F6003D30E2 /* UIImage+WebP2.m in Sources */ = {isa = PBXBuildFile; fileRef = 939DC393225DA1F6003D30E2 /* UIImage+WebP2.m */; };
/* End PBXBuildFile section */

/* Begin PBXFileReference section */
		683B785983D451FF4AFD87EA /* Pods-loadFileDemo.release.xcconfig */ = {isa = PBXFileReference; includeInIndex = 1; lastKnownFileType = text.xcconfig; name = "Pods-loadFileDemo.release.xcconfig"; path = "Target Support Files/Pods-loadFileDemo/Pods-loadFileDemo.release.xcconfig"; sourceTree = "<group>"; };
		931D1191225C4F3500EAF8E1 /* loadFileDemo.app */ = {isa = PBXFileReference; explicitFileType = wrapper.application; includeInIndex = 0; path = loadFileDemo.app; sourceTree = BUILT_PRODUCTS_DIR; };
		931D1194225C4F3500EAF8E1 /* AppDelegate.h */ = {isa = PBXFileReference; lastKnownFileType = sourcecode.c.h; path = AppDelegate.h; sourceTree = "<group>"; };
		931D1195225C4F3500EAF8E1 /* AppDelegate.m */ = {isa = PBXFileReference; lastKnownFileType = sourcecode.c.objc; path = AppDelegate.m; sourceTree = "<group>"; };
		931D1197225C4F3500EAF8E1 /* ViewController.h */ = {isa = PBXFileReference; lastKnownFileType = sourcecode.c.h; path = ViewController.h; sourceTree = "<group>"; };
		931D1198225C4F3500EAF8E1 /* ViewController.m */ = {isa = PBXFileReference; lastKnownFileType = sourcecode.c.objc; path = ViewController.m; sourceTree = "<group>"; };
		931D119B225C4F3500EAF8E1 /* Base */ = {isa = PBXFileReference; lastKnownFileType = file.storyboard; name = Base; path = Base.lproj/Main.storyboard; sourceTree = "<group>"; };
		931D119D225C4F3600EAF8E1 /* Assets.xcassets */ = {isa = PBXFileReference; lastKnownFileType = folder.assetcatalog; path = Assets.xcassets; sourceTree = "<group>"; };
		931D11A0225C4F3600EAF8E1 /* Base */ = {isa = PBXFileReference; lastKnownFileType = file.storyboard; name = Base; path = Base.lproj/LaunchScreen.storyboard; sourceTree = "<group>"; };
		931D11A2225C4F3600EAF8E1 /* Info.plist */ = {isa = PBXFileReference; lastKnownFileType = text.plist.xml; path = Info.plist; sourceTree = "<group>"; };
		931D11A3225C4F3700EAF8E1 /* main.m */ = {isa = PBXFileReference; lastKnownFileType = sourcecode.c.objc; path = main.m; sourceTree = "<group>"; };
		931D11AB225C4F9300EAF8E1 /* PAirSandbox.h */ = {isa = PBXFileReference; fileEncoding = 4; lastKnownFileType = sourcecode.c.h; path = PAirSandbox.h; sourceTree = "<group>"; };
		931D11AC225C4F9300EAF8E1 /* PAirSandbox.m */ = {isa = PBXFileReference; fileEncoding = 4; lastKnownFileType = sourcecode.c.objc; path = PAirSandbox.m; sourceTree = "<group>"; };
		931D11AE225C53CD00EAF8E1 /* HQFactoryUI.m */ = {isa = PBXFileReference; fileEncoding = 4; lastKnownFileType = sourcecode.c.objc; path = HQFactoryUI.m; sourceTree = "<group>"; };
		931D11AF225C53CD00EAF8E1 /* HQFactoryUI.h */ = {isa = PBXFileReference; fileEncoding = 4; lastKnownFileType = sourcecode.c.h; path = HQFactoryUI.h; sourceTree = "<group>"; };
		931D11B1225C53F400EAF8E1 /* UIColor+CCColor.m */ = {isa = PBXFileReference; fileEncoding = 4; lastKnownFileType = sourcecode.c.objc; path = "UIColor+CCColor.m"; sourceTree = "<group>"; };
		931D11B2225C53F400EAF8E1 /* UIColor+CCColor.h */ = {isa = PBXFileReference; fileEncoding = 4; lastKnownFileType = sourcecode.c.h; path = "UIColor+CCColor.h"; sourceTree = "<group>"; };
		931D11B4225C55A900EAF8E1 /* HQTool.h */ = {isa = PBXFileReference; lastKnownFileType = sourcecode.c.h; path = HQTool.h; sourceTree = "<group>"; };
		931D11B5225C55A900EAF8E1 /* HQTool.m */ = {isa = PBXFileReference; lastKnownFileType = sourcecode.c.objc; path = HQTool.m; sourceTree = "<group>"; };
		931D11B8225C69C400EAF8E1 /* Header.h */ = {isa = PBXFileReference; lastKnownFileType = sourcecode.c.h; path = Header.h; sourceTree = "<group>"; };
		931D11B9225C6EC500EAF8E1 /* HQWKWebViewController.h */ = {isa = PBXFileReference; lastKnownFileType = sourcecode.c.h; path = HQWKWebViewController.h; sourceTree = "<group>"; };
		931D11BA225C6EC500EAF8E1 /* HQWKWebViewController.m */ = {isa = PBXFileReference; lastKnownFileType = sourcecode.c.objc; path = HQWKWebViewController.m; sourceTree = "<group>"; };
		931D11BD225C905800EAF8E1 /* NSURLProtocol+WKWebVIew.h */ = {isa = PBXFileReference; fileEncoding = 4; lastKnownFileType = sourcecode.c.h; path = "NSURLProtocol+WKWebVIew.h"; sourceTree = "<group>"; };
		931D11BE225C905800EAF8E1 /* MyURLProtocol.m */ = {isa = PBXFileReference; fileEncoding = 4; lastKnownFileType = sourcecode.c.objc; path = MyURLProtocol.m; sourceTree = "<group>"; };
		931D11BF225C905800EAF8E1 /* NSURLProtocol+WKWebVIew.m */ = {isa = PBXFileReference; fileEncoding = 4; lastKnownFileType = sourcecode.c.objc; path = "NSURLProtocol+WKWebVIew.m"; sourceTree = "<group>"; };
		931D11C0225C905800EAF8E1 /* MyURLProtocol.h */ = {isa = PBXFileReference; fileEncoding = 4; lastKnownFileType = sourcecode.c.h; path = MyURLProtocol.h; sourceTree = "<group>"; };
		931D11CD225C90CB00EAF8E1 /* NSURLRequest+CYLNSURLProtocolExtension.h */ = {isa = PBXFileReference; fileEncoding = 4; lastKnownFileType = sourcecode.c.h; path = "NSURLRequest+CYLNSURLProtocolExtension.h"; sourceTree = "<group>"; };
		931D11CE225C90CB00EAF8E1 /* NSURLRequest+CYLNSURLProtocolExtension.m */ = {isa = PBXFileReference; fileEncoding = 4; lastKnownFileType = sourcecode.c.objc; path = "NSURLRequest+CYLNSURLProtocolExtension.m"; sourceTree = "<group>"; };
		931D11D0225C972000EAF8E1 /* WebP.framework */ = {isa = PBXFileReference; lastKnownFileType = wrapper.framework; path = WebP.framework; sourceTree = "<group>"; };
		931D11D2225C9D1500EAF8E1 /* CoreServices.framework */ = {isa = PBXFileReference; lastKnownFileType = wrapper.framework; name = CoreServices.framework; path = System/Library/Frameworks/CoreServices.framework; sourceTree = SDKROOT; };
		931D11D4225C9DB100EAF8E1 /* CoreFoundation.framework */ = {isa = PBXFileReference; lastKnownFileType = wrapper.framework; name = CoreFoundation.framework; path = System/Library/Frameworks/CoreFoundation.framework; sourceTree = SDKROOT; };
		931D11D6225C9E2A00EAF8E1 /* MobileCoreServices.framework */ = {isa = PBXFileReference; lastKnownFileType = wrapper.framework; name = MobileCoreServices.framework; path = System/Library/Frameworks/MobileCoreServices.framework; sourceTree = SDKROOT; };
		931D11D8225CA3C000EAF8E1 /* TanlentC-Webp.js */ = {isa = PBXFileReference; fileEncoding = 4; lastKnownFileType = sourcecode.javascript; path = "TanlentC-Webp.js"; sourceTree = "<group>"; };
		931D11DA225CA52000EAF8E1 /* UIImage+Ext.m */ = {isa = PBXFileReference; fileEncoding = 4; lastKnownFileType = sourcecode.c.objc; path = "UIImage+Ext.m"; sourceTree = "<group>"; };
		931D11DB225CA52000EAF8E1 /* UIImage+Ext.h */ = {isa = PBXFileReference; fileEncoding = 4; lastKnownFileType = sourcecode.c.h; path = "UIImage+Ext.h"; sourceTree = "<group>"; };
		939DC38D225D822E003D30E2 /* UIImage+WebP.m */ = {isa = PBXFileReference; fileEncoding = 4; lastKnownFileType = sourcecode.c.objc; path = "UIImage+WebP.m"; sourceTree = "<group>"; };
		939DC38E225D822E003D30E2 /* UIImage+WebP.h */ = {isa = PBXFileReference; fileEncoding = 4; lastKnownFileType = sourcecode.c.h; path = "UIImage+WebP.h"; sourceTree = "<group>"; };
		939DC390225D980C003D30E2 /* test22.webp */ = {isa = PBXFileReference; lastKnownFileType = file; path = test22.webp; sourceTree = "<group>"; };
		939DC392225DA1F6003D30E2 /* UIImage+WebP2.h */ = {isa = PBXFileReference; lastKnownFileType = sourcecode.c.h; path = "UIImage+WebP2.h"; sourceTree = "<group>"; };
		939DC393225DA1F6003D30E2 /* UIImage+WebP2.m */ = {isa = PBXFileReference; lastKnownFileType = sourcecode.c.objc; path = "UIImage+WebP2.m"; sourceTree = "<group>"; };
		BE251E4D9165081719AA751B /* libPods-loadFileDemo.a */ = {isa = PBXFileReference; explicitFileType = archive.ar; includeInIndex = 0; path = "libPods-loadFileDemo.a"; sourceTree = BUILT_PRODUCTS_DIR; };
		D6DD94C49CD4D7EC74613A38 /* Pods-loadFileDemo.debug.xcconfig */ = {isa = PBXFileReference; includeInIndex = 1; lastKnownFileType = text.xcconfig; name = "Pods-loadFileDemo.debug.xcconfig"; path = "Target Support Files/Pods-loadFileDemo/Pods-loadFileDemo.debug.xcconfig"; sourceTree = "<group>"; };
/* End PBXFileReference section */

/* Begin PBXFrameworksBuildPhase section */
		931D118E225C4F3500EAF8E1 /* Frameworks */ = {
			isa = PBXFrameworksBuildPhase;
			buildActionMask = 2147483647;
			files = (
				931D11D7225C9E2A00EAF8E1 /* MobileCoreServices.framework in Frameworks */,
				931D11D5225C9DB100EAF8E1 /* CoreFoundation.framework in Frameworks */,
				931D11D3225C9D1500EAF8E1 /* CoreServices.framework in Frameworks */,
				931D11D1225C972000EAF8E1 /* WebP.framework in Frameworks */,
				448BA7E0FDC31902E5C1CF00 /* libPods-loadFileDemo.a in Frameworks */,
			);
			runOnlyForDeploymentPostprocessing = 0;
		};
/* End PBXFrameworksBuildPhase section */

/* Begin PBXGroup section */
		28169370B2556DBDEC499CCE /* Pods */ = {
			isa = PBXGroup;
			children = (
				D6DD94C49CD4D7EC74613A38 /* Pods-loadFileDemo.debug.xcconfig */,
				683B785983D451FF4AFD87EA /* Pods-loadFileDemo.release.xcconfig */,
			);
			path = Pods;
			sourceTree = "<group>";
		};
		931D1188225C4F3500EAF8E1 = {
			isa = PBXGroup;
			children = (
				931D1193225C4F3500EAF8E1 /* loadFileDemo */,
				931D1192225C4F3500EAF8E1 /* Products */,
				28169370B2556DBDEC499CCE /* Pods */,
				BD6F542331E78EEA4CF93C70 /* Frameworks */,
			);
			sourceTree = "<group>";
		};
		931D1192225C4F3500EAF8E1 /* Products */ = {
			isa = PBXGroup;
			children = (
				931D1191225C4F3500EAF8E1 /* loadFileDemo.app */,
			);
			name = Products;
			sourceTree = "<group>";
		};
		931D1193225C4F3500EAF8E1 /* loadFileDemo */ = {
			isa = PBXGroup;
			children = (
				931D11D0225C972000EAF8E1 /* WebP.framework */,
				931D11BC225C903B00EAF8E1 /* URLProtocol */,
				931D11AA225C4F8400EAF8E1 /* tool */,
				931D1194225C4F3500EAF8E1 /* AppDelegate.h */,
				931D1195225C4F3500EAF8E1 /* AppDelegate.m */,
				931D1197225C4F3500EAF8E1 /* ViewController.h */,
				931D1198225C4F3500EAF8E1 /* ViewController.m */,
				931D11B9225C6EC500EAF8E1 /* HQWKWebViewController.h */,
				931D11BA225C6EC500EAF8E1 /* HQWKWebViewController.m */,
				939DC390225D980C003D30E2 /* test22.webp */,
				931D11D8225CA3C000EAF8E1 /* TanlentC-Webp.js */,
				931D119A225C4F3500EAF8E1 /* Main.storyboard */,
				931D119D225C4F3600EAF8E1 /* Assets.xcassets */,
				931D119F225C4F3600EAF8E1 /* LaunchScreen.storyboard */,
				931D11A2225C4F3600EAF8E1 /* Info.plist */,
				931D11A3225C4F3700EAF8E1 /* main.m */,
			);
			path = loadFileDemo;
			sourceTree = "<group>";
		};
		931D11AA225C4F8400EAF8E1 /* tool */ = {
			isa = PBXGroup;
			children = (
				939DC38E225D822E003D30E2 /* UIImage+WebP.h */,
				939DC38D225D822E003D30E2 /* UIImage+WebP.m */,
				931D11DB225CA52000EAF8E1 /* UIImage+Ext.h */,
				931D11DA225CA52000EAF8E1 /* UIImage+Ext.m */,
				931D11B2225C53F400EAF8E1 /* UIColor+CCColor.h */,
				931D11B1225C53F400EAF8E1 /* UIColor+CCColor.m */,
				931D11AF225C53CD00EAF8E1 /* HQFactoryUI.h */,
				931D11AE225C53CD00EAF8E1 /* HQFactoryUI.m */,
				931D11AB225C4F9300EAF8E1 /* PAirSandbox.h */,
				931D11AC225C4F9300EAF8E1 /* PAirSandbox.m */,
				931D11B4225C55A900EAF8E1 /* HQTool.h */,
				931D11B5225C55A900EAF8E1 /* HQTool.m */,
				931D11B8225C69C400EAF8E1 /* Header.h */,
				939DC392225DA1F6003D30E2 /* UIImage+WebP2.h */,
				939DC393225DA1F6003D30E2 /* UIImage+WebP2.m */,
			);
			path = tool;
			sourceTree = "<group>";
		};
		931D11BC225C903B00EAF8E1 /* URLProtocol */ = {
			isa = PBXGroup;
			children = (
				931D11C0225C905800EAF8E1 /* MyURLProtocol.h */,
				931D11BE225C905800EAF8E1 /* MyURLProtocol.m */,
				931D11BD225C905800EAF8E1 /* NSURLProtocol+WKWebVIew.h */,
				931D11BF225C905800EAF8E1 /* NSURLProtocol+WKWebVIew.m */,
				931D11CD225C90CB00EAF8E1 /* NSURLRequest+CYLNSURLProtocolExtension.h */,
				931D11CE225C90CB00EAF8E1 /* NSURLRequest+CYLNSURLProtocolExtension.m */,
			);
			path = URLProtocol;
			sourceTree = "<group>";
		};
		BD6F542331E78EEA4CF93C70 /* Frameworks */ = {
			isa = PBXGroup;
			children = (
				931D11D6225C9E2A00EAF8E1 /* MobileCoreServices.framework */,
				931D11D4225C9DB100EAF8E1 /* CoreFoundation.framework */,
				931D11D2225C9D1500EAF8E1 /* CoreServices.framework */,
				BE251E4D9165081719AA751B /* libPods-loadFileDemo.a */,
			);
			name = Frameworks;
			sourceTree = "<group>";
		};
/* End PBXGroup section */

/* Begin PBXNativeTarget section */
		931D1190225C4F3500EAF8E1 /* loadFileDemo */ = {
			isa = PBXNativeTarget;
			buildConfigurationList = 931D11A7225C4F3700EAF8E1 /* Build configuration list for PBXNativeTarget "loadFileDemo" */;
			buildPhases = (
				FF4172E84CB13FC3E91B5BE6 /* [CP] Check Pods Manifest.lock */,
				931D118D225C4F3500EAF8E1 /* Sources */,
				931D118E225C4F3500EAF8E1 /* Frameworks */,
				931D118F225C4F3500EAF8E1 /* Resources */,
			);
			buildRules = (
			);
			dependencies = (
			);
			name = loadFileDemo;
			productName = loadFileDemo;
			productReference = 931D1191225C4F3500EAF8E1 /* loadFileDemo.app */;
			productType = "com.apple.product-type.application";
		};
/* End PBXNativeTarget section */

/* Begin PBXProject section */
		931D1189225C4F3500EAF8E1 /* Project object */ = {
			isa = PBXProject;
			attributes = {
				LastUpgradeCheck = 1020;
				ORGANIZATIONNAME = autoforce;
				TargetAttributes = {
					931D1190225C4F3500EAF8E1 = {
						CreatedOnToolsVersion = 10.2;
					};
				};
			};
			buildConfigurationList = 931D118C225C4F3500EAF8E1 /* Build configuration list for PBXProject "loadFileDemo" */;
			compatibilityVersion = "Xcode 9.3";
			developmentRegion = en;
			hasScannedForEncodings = 0;
			knownRegions = (
				en,
				Base,
			);
			mainGroup = 931D1188225C4F3500EAF8E1;
			productRefGroup = 931D1192225C4F3500EAF8E1 /* Products */;
			projectDirPath = "";
			projectRoot = "";
			targets = (
				931D1190225C4F3500EAF8E1 /* loadFileDemo */,
			);
		};
/* End PBXProject section */

/* Begin PBXResourcesBuildPhase section */
		931D118F225C4F3500EAF8E1 /* Resources */ = {
			isa = PBXResourcesBuildPhase;
			buildActionMask = 2147483647;
			files = (
				931D11A1225C4F3600EAF8E1 /* LaunchScreen.storyboard in Resources */,
				931D119E225C4F3600EAF8E1 /* Assets.xcassets in Resources */,
				939DC391225D980D003D30E2 /* test22.webp in Resources */,
				931D119C225C4F3500EAF8E1 /* Main.storyboard in Resources */,
				931D11D9225CA3C000EAF8E1 /* TanlentC-Webp.js in Resources */,
			);
			runOnlyForDeploymentPostprocessing = 0;
		};
/* End PBXResourcesBuildPhase section */

/* Begin PBXShellScriptBuildPhase section */
		FF4172E84CB13FC3E91B5BE6 /* [CP] Check Pods Manifest.lock */ = {
			isa = PBXShellScriptBuildPhase;
			buildActionMask = 2147483647;
			files = (
			);
			inputFileListPaths = (
			);
			inputPaths = (
				"${PODS_PODFILE_DIR_PATH}/Podfile.lock",
				"${PODS_ROOT}/Manifest.lock",
			);
			name = "[CP] Check Pods Manifest.lock";
			outputFileListPaths = (
			);
			outputPaths = (
				"$(DERIVED_FILE_DIR)/Pods-loadFileDemo-checkManifestLockResult.txt",
			);
			runOnlyForDeploymentPostprocessing = 0;
			shellPath = /bin/sh;
			shellScript = "diff \"${PODS_PODFILE_DIR_PATH}/Podfile.lock\" \"${PODS_ROOT}/Manifest.lock\" > /dev/null\nif [ $? != 0 ] ; then\n    # print error to STDERR\n    echo \"error: The sandbox is not in sync with the Podfile.lock. Run 'pod install' or update your CocoaPods installation.\" >&2\n    exit 1\nfi\n# This output is used by Xcode 'outputs' to avoid re-running this script phase.\necho \"SUCCESS\" > \"${SCRIPT_OUTPUT_FILE_0}\"\n";
			showEnvVarsInLog = 0;
		};
/* End PBXShellScriptBuildPhase section */

/* Begin PBXSourcesBuildPhase section */
		931D118D225C4F3500EAF8E1 /* Sources */ = {
			isa = PBXSourcesBuildPhase;
			buildActionMask = 2147483647;
			files = (
				939DC394225DA1F6003D30E2 /* UIImage+WebP2.m in Sources */,
				931D1199225C4F3500EAF8E1 /* ViewController.m in Sources */,
				939DC38F225D822E003D30E2 /* UIImage+WebP.m in Sources */,
				931D11B3225C53F400EAF8E1 /* UIColor+CCColor.m in Sources */,
				931D11C1225C905800EAF8E1 /* MyURLProtocol.m in Sources */,
				931D11BB225C6EC500EAF8E1 /* HQWKWebViewController.m in Sources */,
				931D11C2225C905800EAF8E1 /* NSURLProtocol+WKWebVIew.m in Sources */,
				931D11A4225C4F3700EAF8E1 /* main.m in Sources */,
				931D11B6225C55A900EAF8E1 /* HQTool.m in Sources */,
				931D11CF225C90CB00EAF8E1 /* NSURLRequest+CYLNSURLProtocolExtension.m in Sources */,
				931D11B0225C53CD00EAF8E1 /* HQFactoryUI.m in Sources */,
				931D11DC225CA52000EAF8E1 /* UIImage+Ext.m in Sources */,
				931D1196225C4F3500EAF8E1 /* AppDelegate.m in Sources */,
				931D11AD225C4F9300EAF8E1 /* PAirSandbox.m in Sources */,
			);
			runOnlyForDeploymentPostprocessing = 0;
		};
/* End PBXSourcesBuildPhase section */

/* Begin PBXVariantGroup section */
		931D119A225C4F3500EAF8E1 /* Main.storyboard */ = {
			isa = PBXVariantGroup;
			children = (
				931D119B225C4F3500EAF8E1 /* Base */,
			);
			name = Main.storyboard;
			sourceTree = "<group>";
		};
		931D119F225C4F3600EAF8E1 /* LaunchScreen.storyboard */ = {
			isa = PBXVariantGroup;
			children = (
				931D11A0225C4F3600EAF8E1 /* Base */,
			);
			name = LaunchScreen.storyboard;
			sourceTree = "<group>";
		};
/* End PBXVariantGroup section */

/* Begin XCBuildConfiguration section */
		931D11A5225C4F3700EAF8E1 /* Debug */ = {
			isa = XCBuildConfiguration;
			buildSettings = {
				ALWAYS_SEARCH_USER_PATHS = NO;
				CLANG_ANALYZER_NONNULL = YES;
				CLANG_ANALYZER_NUMBER_OBJECT_CONVERSION = YES_AGGRESSIVE;
				CLANG_CXX_LANGUAGE_STANDARD = "gnu++14";
				CLANG_CXX_LIBRARY = "libc++";
				CLANG_ENABLE_MODULES = YES;
				CLANG_ENABLE_OBJC_ARC = YES;
				CLANG_ENABLE_OBJC_WEAK = YES;
				CLANG_WARN_BLOCK_CAPTURE_AUTORELEASING = YES;
				CLANG_WARN_BOOL_CONVERSION = YES;
				CLANG_WARN_COMMA = YES;
				CLANG_WARN_CONSTANT_CONVERSION = YES;
				CLANG_WARN_DEPRECATED_OBJC_IMPLEMENTATIONS = YES;
				CLANG_WARN_DIRECT_OBJC_ISA_USAGE = YES_ERROR;
				CLANG_WARN_DOCUMENTATION_COMMENTS = YES;
				CLANG_WARN_EMPTY_BODY = YES;
				CLANG_WARN_ENUM_CONVERSION = YES;
				CLANG_WARN_INFINITE_RECURSION = YES;
				CLANG_WARN_INT_CONVERSION = YES;
				CLANG_WARN_NON_LITERAL_NULL_CONVERSION = YES;
				CLANG_WARN_OBJC_IMPLICIT_RETAIN_SELF = YES;
				CLANG_WARN_OBJC_LITERAL_CONVERSION = YES;
				CLANG_WARN_OBJC_ROOT_CLASS = YES_ERROR;
				CLANG_WARN_RANGE_LOOP_ANALYSIS = YES;
				CLANG_WARN_STRICT_PROTOTYPES = YES;
				CLANG_WARN_SUSPICIOUS_MOVE = YES;
				CLANG_WARN_UNGUARDED_AVAILABILITY = YES_AGGRESSIVE;
				CLANG_WARN_UNREACHABLE_CODE = YES;
				CLANG_WARN__DUPLICATE_METHOD_MATCH = YES;
				CODE_SIGN_IDENTITY = "iPhone Developer";
				COPY_PHASE_STRIP = NO;
				DEBUG_INFORMATION_FORMAT = dwarf;
				ENABLE_STRICT_OBJC_MSGSEND = YES;
				ENABLE_TESTABILITY = YES;
				GCC_C_LANGUAGE_STANDARD = gnu11;
				GCC_DYNAMIC_NO_PIC = NO;
				GCC_NO_COMMON_BLOCKS = YES;
				GCC_OPTIMIZATION_LEVEL = 0;
				GCC_PREPROCESSOR_DEFINITIONS = (
					"DEBUG=1",
					"$(inherited)",
				);
				GCC_WARN_64_TO_32_BIT_CONVERSION = YES;
				GCC_WARN_ABOUT_RETURN_TYPE = YES_ERROR;
				GCC_WARN_UNDECLARED_SELECTOR = YES;
				GCC_WARN_UNINITIALIZED_AUTOS = YES_AGGRESSIVE;
				GCC_WARN_UNUSED_FUNCTION = YES;
				GCC_WARN_UNUSED_VARIABLE = YES;
				IPHONEOS_DEPLOYMENT_TARGET = 12.2;
				MTL_ENABLE_DEBUG_INFO = INCLUDE_SOURCE;
				MTL_FAST_MATH = YES;
				ONLY_ACTIVE_ARCH = YES;
				SDKROOT = iphoneos;
			};
			name = Debug;
		};
		931D11A6225C4F3700EAF8E1 /* Release */ = {
			isa = XCBuildConfiguration;
			buildSettings = {
				ALWAYS_SEARCH_USER_PATHS = NO;
				CLANG_ANALYZER_NONNULL = YES;
				CLANG_ANALYZER_NUMBER_OBJECT_CONVERSION = YES_AGGRESSIVE;
				CLANG_CXX_LANGUAGE_STANDARD = "gnu++14";
				CLANG_CXX_LIBRARY = "libc++";
				CLANG_ENABLE_MODULES = YES;
				CLANG_ENABLE_OBJC_ARC = YES;
				CLANG_ENABLE_OBJC_WEAK = YES;
				CLANG_WARN_BLOCK_CAPTURE_AUTORELEASING = YES;
				CLANG_WARN_BOOL_CONVERSION = YES;
				CLANG_WARN_COMMA = YES;
				CLANG_WARN_CONSTANT_CONVERSION = YES;
				CLANG_WARN_DEPRECATED_OBJC_IMPLEMENTATIONS = YES;
				CLANG_WARN_DIRECT_OBJC_ISA_USAGE = YES_ERROR;
				CLANG_WARN_DOCUMENTATION_COMMENTS = YES;
				CLANG_WARN_EMPTY_BODY = YES;
				CLANG_WARN_ENUM_CONVERSION = YES;
				CLANG_WARN_INFINITE_RECURSION = YES;
				CLANG_WARN_INT_CONVERSION = YES;
				CLANG_WARN_NON_LITERAL_NULL_CONVERSION = YES;
				CLANG_WARN_OBJC_IMPLICIT_RETAIN_SELF = YES;
				CLANG_WARN_OBJC_LITERAL_CONVERSION = YES;
				CLANG_WARN_OBJC_ROOT_CLASS = YES_ERROR;
				CLANG_WARN_RANGE_LOOP_ANALYSIS = YES;
				CLANG_WARN_STRICT_PROTOTYPES = YES;
				CLANG_WARN_SUSPICIOUS_MOVE = YES;
				CLANG_WARN_UNGUARDED_AVAILABILITY = YES_AGGRESSIVE;
				CLANG_WARN_UNREACHABLE_CODE = YES;
				CLANG_WARN__DUPLICATE_METHOD_MATCH = YES;
				CODE_SIGN_IDENTITY = "iPhone Developer";
				COPY_PHASE_STRIP = NO;
				DEBUG_INFORMATION_FORMAT = "dwarf-with-dsym";
				ENABLE_NS_ASSERTIONS = NO;
				ENABLE_STRICT_OBJC_MSGSEND = YES;
				GCC_C_LANGUAGE_STANDARD = gnu11;
				GCC_NO_COMMON_BLOCKS = YES;
				GCC_WARN_64_TO_32_BIT_CONVERSION = YES;
				GCC_WARN_ABOUT_RETURN_TYPE = YES_ERROR;
				GCC_WARN_UNDECLARED_SELECTOR = YES;
				GCC_WARN_UNINITIALIZED_AUTOS = YES_AGGRESSIVE;
				GCC_WARN_UNUSED_FUNCTION = YES;
				GCC_WARN_UNUSED_VARIABLE = YES;
				IPHONEOS_DEPLOYMENT_TARGET = 12.2;
				MTL_ENABLE_DEBUG_INFO = NO;
				MTL_FAST_MATH = YES;
				SDKROOT = iphoneos;
				VALIDATE_PRODUCT = YES;
			};
			name = Release;
		};
		931D11A8225C4F3700EAF8E1 /* Debug */ = {
			isa = XCBuildConfiguration;
			baseConfigurationReference = D6DD94C49CD4D7EC74613A38 /* Pods-loadFileDemo.debug.xcconfig */;
			buildSettings = {
				ASSETCATALOG_COMPILER_APPICON_NAME = AppIcon;
				CODE_SIGN_STYLE = Automatic;
				DEVELOPMENT_TEAM = 35J8B6V9HD;
				FRAMEWORK_SEARCH_PATHS = (
					"$(inherited)",
					"$(PROJECT_DIR)/loadFileDemo",
				);
				GCC_PREPROCESSOR_DEFINITIONS = (
					"$(inherited)",
					"COCOAPODS=1",
					"SD_WEBP=1",
				);
				INFOPLIST_FILE = loadFileDemo/Info.plist;
				IPHONEOS_DEPLOYMENT_TARGET = 10.0;
				LD_RUNPATH_SEARCH_PATHS = (
					"$(inherited)",
					"@executable_path/Frameworks",
				);
				PRODUCT_BUNDLE_IDENTIFIER = com.hong.loadFileDemo;
				PRODUCT_NAME = "$(TARGET_NAME)";
				TARGETED_DEVICE_FAMILY = "1,2";
			};
			name = Debug;
		};
		931D11A9225C4F3700EAF8E1 /* Release */ = {
			isa = XCBuildConfiguration;
			baseConfigurationReference = 683B785983D451FF4AFD87EA /* Pods-loadFileDemo.release.xcconfig */;
			buildSettings = {
				ASSETCATALOG_COMPILER_APPICON_NAME = AppIcon;
				CODE_SIGN_STYLE = Automatic;
				DEVELOPMENT_TEAM = 35J8B6V9HD;
				FRAMEWORK_SEARCH_PATHS = (
					"$(inherited)",
					"$(PROJECT_DIR)/loadFileDemo",
				);
				INFOPLIST_FILE = loadFileDemo/Info.plist;
				IPHONEOS_DEPLOYMENT_TARGET = 10.0;
				LD_RUNPATH_SEARCH_PATHS = (
					"$(inherited)",
					"@executable_path/Frameworks",
				);
				PRODUCT_BUNDLE_IDENTIFIER = com.hong.loadFileDemo;
				PRODUCT_NAME = "$(TARGET_NAME)";
				TARGETED_DEVICE_FAMILY = "1,2";
			};
			name = Release;
		};
/* End XCBuildConfiguration section */

/* Begin XCConfigurationList section */
		931D118C225C4F3500EAF8E1 /* Build configuration list for PBXProject "loadFileDemo" */ = {
			isa = XCConfigurationList;
			buildConfigurations = (
				931D11A5225C4F3700EAF8E1 /* Debug */,
				931D11A6225C4F3700EAF8E1 /* Release */,
			);
			defaultConfigurationIsVisible = 0;
			defaultConfigurationName = Release;
		};
		931D11A7225C4F3700EAF8E1 /* Build configuration list for PBXNativeTarget "loadFileDemo" */ = {
			isa = XCConfigurationList;
			buildConfigurations = (
				931D11A8225C4F3700EAF8E1 /* Debug */,
				931D11A9225C4F3700EAF8E1 /* Release */,
			);
			defaultConfigurationIsVisible = 0;
			defaultConfigurationName = Release;
		};
/* End XCConfigurationList section */
	};
	rootObject = 931D1189225C4F3500EAF8E1 /* Project object */;
}
